<?xml version="1.0" encoding="utf-8"?>
<Project ToolsVersion="4.0" xmlns="http://schemas.microsoft.com/developer/msbuild/2003">
  <ItemGroup>
    <Filter Include="Source Files">
      <UniqueIdentifier>{4FC737F1-C7A5-4376-A066-2A32D752A2FF}</UniqueIdentifier>
      <Extensions>qml;cpp;c;cc;cxx;def;odl;idl;hpj;bat;asm;asmx</Extensions>
    </Filter>
    <Filter Include="Header Files">
      <UniqueIdentifier>{93995380-89BD-4b04-88EB-625FBE52EBFB}</UniqueIdentifier>
      <Extensions>h;hh;hpp;hxx;hm;inl;inc;xsd</Extensions>
    </Filter>
    <Filter Include="Resource Files">
      <UniqueIdentifier>{67DA6AB6-F800-4c08-8B7A-83BB121AAD01}</UniqueIdentifier>
      <Extensions>qrc;rc;ico;cur;bmp;dlg;rc2;rct;bin;rgs;gif;jpg;jpeg;jpe;resx;tiff;tif;png;wav;mfcribbon-ms</Extensions>
    </Filter>
    <Filter Include="Form Files">
      <UniqueIdentifier>{99349809-55BA-4b9d-BF79-8FDBB0286EB3}</UniqueIdentifier>
      <Extensions>ui</Extensions>
    </Filter>
    <Filter Include="Translation Files">
      <UniqueIdentifier>{639EADAA-A684-42e4-A9AD-28FC9BCB8F7C}</UniqueIdentifier>
      <Extensions>ts</Extensions>
    </Filter>
  </ItemGroup>
  <ItemGroup>
    <QtRcc Include="v_controler.qrc">
      <Filter>Resource Files</Filter>
    </QtRcc>
    <QtMoc Include="v_controler.h">
      <Filter>Header Files</Filter>
    </QtMoc>
    <ClCompile Include="v_controler.cpp">
      <Filter>Source Files</Filter>
    </ClCompile>
  </ItemGroup>
  <ItemGroup>
    <ClCompile Include="main.cpp">
      <Filter>Source Files</Filter>
    </ClCompile>
    <ClCompile Include="general\db_connect.cpp">
      <Filter>Source Files</Filter>
    </ClCompile>
    <ClCompile Include="control\controler.cpp">
      <Filter>Source Files</Filter>
    </ClCompile>
    <ClCompile Include="common\qt_layout_base.cpp">
      <Filter>Source Files</Filter>
    </ClCompile>
    <ClCompile Include="common\common.cpp">
      <Filter>Source Files</Filter>
    </ClCompile>
    <ClCompile Include="mode\menubar\menu_bar_mode.cpp">
      <Filter>Source Files</Filter>
    </ClCompile>
    <ClCompile Include="view\menubar\menu_bar.cpp">
      <Filter>Source Files</Filter>
    </ClCompile>
    <ClCompile Include="common\qt_mode_base.cpp">
      <Filter>Source Files</Filter>
    </ClCompile>
    <ClCompile Include="common\qt_mode_include.cpp">
      <Filter>Source Files</Filter>
    </ClCompile>
    <ClCompile Include="common\state_machine.cpp">
      <Filter>Source Files</Filter>
    </ClCompile>
    <ClCompile Include="common\structs.hpp">
      <Filter>Source Files</Filter>
    </ClCompile>
    <ClCompile Include="view\toolbar\tool_bar_imp_front_page.cpp">
      <Filter>Source Files</Filter>
    </ClCompile>
    <ClCompile Include="view\toolbar\tool_bar_imp_operator.cpp">
      <Filter>Source Files</Filter>
    </ClCompile>
    <ClCompile Include="view\centerwidget\operatorarea\operator_aera.cpp">
      <Filter>Source Files</Filter>
    </ClCompile>
    <ClCompile Include="view\centerwidget\center_widget.cpp">
      <Filter>Source Files</Filter>
    </ClCompile>
    <ClCompile Include="view\centerwidget\table_content_and_operator_widget.cpp">
      <Filter>Source Files</Filter>
    </ClCompile>
    <ClCompile Include="view\centerwidget\tableview\table_view_content.cpp">
      <Filter>Source Files</Filter>
    </ClCompile>
    <ClCompile Include="view\centerwidget\operatorarea\operator_area_serach_imp.cpp">
      <Filter>Source Files</Filter>
    </ClCompile>
    <ClCompile Include="view\centerwidget\operatorarea\operator_area_insert_imp.cpp">
      <Filter>Source Files</Filter>
    </ClCompile>
    <ClCompile Include="view\centerwidget\operatorarea\operator_area_delete_imp.cpp">
      <Filter>Source Files</Filter>
    </ClCompile>
    <ClCompile Include="view\centerwidget\operatorarea\operator_area_compare_imp.cpp">
      <Filter>Source Files</Filter>
    </ClCompile>
    <ClCompile Include="mode\toolbar\operator_area_serach_imp_mode.cpp">
      <Filter>Source Files</Filter>
    </ClCompile>
  </ItemGroup>
  <ItemGroup>
    <ClInclude Include="common\qt_layout_include.h">
      <Filter>Header Files</Filter>
    </ClInclude>
    <ClInclude Include="common\qt_layout_base.h">
      <Filter>Header Files</Filter>
    </ClInclude>
    <ClInclude Include="common\common.h">
      <Filter>Header Files</Filter>
    </ClInclude>
    <ClInclude Include="common\qt_mode_base.h">
      <Filter>Header Files</Filter>
    </ClInclude>
    <ClInclude Include="common\qt_mode_include.h">
      <Filter>Header Files</Filter>
    </ClInclude>
    <ClInclude Include="common\state_machine.h">
      <Filter>Header Files</Filter>
    </ClInclude>
  </ItemGroup>
  <ItemGroup>
    <QtMoc Include="control\controler.h">
      <Filter>Header Files</Filter>
    </QtMoc>
    <QtMoc Include="mode\menubar\menu_bar_mode.h">
      <Filter>Header Files</Filter>
    </QtMoc>
    <QtMoc Include="general\db_connect.h">
      <Filter>Header Files</Filter>
    </QtMoc>
    <QtMoc Include="view\menubar\menu_bar.h">
      <Filter>Header Files</Filter>
    </QtMoc>
    <QtMoc Include="view\toolbar\tool_bar_imp_front_page.h">
      <Filter>Header Files</Filter>
    </QtMoc>
    <QtMoc Include="view\toolbar\tool_bar_imp_operator.h">
      <Filter>Header Files</Filter>
    </QtMoc>
    <QtMoc Include="view\centerwidget\operatorarea\operator_aera.h">
      <Filter>Header Files</Filter>
    </QtMoc>
    <QtMoc Include="view\centerwidget\center_widget.h">
      <Filter>Header Files</Filter>
    </QtMoc>
    <QtMoc Include="view\centerwidget\table_content_and_operator_widget.h">
      <Filter>Header Files</Filter>
    </QtMoc>
    <QtMoc Include="view\centerwidget\tableview\table_view_content.h">
      <Filter>Header Files</Filter>
    </QtMoc>
    <QtMoc Include="view\centerwidget\operatorarea\operator_area_serach_imp.h">
      <Filter>Header Files</Filter>
    </QtMoc>
    <QtMoc Include="view\centerwidget\operatorarea\operator_area_insert_imp.h">
      <Filter>Header Files</Filter>
    </QtMoc>
    <QtMoc Include="view\centerwidget\operatorarea\operator_area_delete_imp.h">
      <Filter>Header Files</Filter>
    </QtMoc>
    <QtMoc Include="view\centerwidget\operatorarea\operator_area_compare_imp.h">
      <Filter>Header Files</Filter>
    </QtMoc>
    <QtMoc Include="mode\toolbar\operator_area_serach_imp_mode.h">
      <Filter>Header Files</Filter>
    </QtMoc>
  </ItemGroup>
  <ItemGroup>
    <None Include="db\pa_ann_sqlit3_jlct3.db" />
    <None Include="main.css" />
  </ItemGroup>
  <ItemGroup>
    <Text Include="db\使用序列.txt" />
  </ItemGroup>
</Project>